{
  "name": "npm-use-test",
  "version": "1.0.0",
  "lockfileVersion": 2,
  "requires": true,
  "packages": {
    "": {
      "name": "npm-use-test",
      "version": "1.0.0",
      "license": "ISC",
      "dependencies": {
        "@omr-dev-org/npm-demo-test": "^1.0.1"
      },
      "devDependencies": {}
    },
    "node_modules/@omr-dev-org/npm-demo-test": {
      "version": "1.0.1",
      "resolved": "https://registry.npmjs.org/@omr-dev-org/npm-demo-test/-/npm-demo-test-1.0.1.tgz",
      "integrity": "sha512-JJrb4eXzlXNXncizyoneWR01P/9JA/y0xDrgMRJPmclvHJVBuPv6zX8cX79w/M1iYRqmVNisYIgn9rfR09TVCg=="
    }
  },
  "dependencies": {
    "@omr-dev-org/npm-demo-test": {
      "version": "1.0.1",
      "resolved": "https://registry.npmjs.org/@omr-dev-org/npm-demo-test/-/npm-demo-test-1.0.1.tgz",
      "integrity": "sha512-JJrb4eXzlXNXncizyoneWR01P/9JA/y0xDrgMRJPmclvHJVBuPv6zX8cX79w/M1iYRqmVNisYIgn9rfR09TVCg=="
    }
  }
}
